<?xml version="1.0" encoding="utf-8"?>
<Project ToolsVersion="4.0" xmlns="http://schemas.microsoft.com/developer/msbuild/2003">
  <ItemGroup>
    <ClCompile Include="helloworld_service.cpp" />
    <ClCompile Include="helloworld_export.cpp" />
    <ClCompile Include="helloworld.pb.cc" />
    <ClCompile Include="my_app.cpp" />
  </ItemGroup>
  <ItemGroup>
    <ClInclude Include="helloworld_service.h" />
    <ClInclude Include="helloworld_export.h" />
    <ClInclude Include="helloworld.pb.h" />
  </ItemGroup>
</Project>